
Microsoft Visual Studio Solution File, Format Version 12.00
# Visual Studio 15
VisualStudioVersion = 15.0.28307.168
MinimumVisualStudioVersion = 10.0.40219.1
Project("{8BC9CEB8-8B4A-11D0-8D11-00A0C91BC942}") = "Snake And Ladder", "Snake And Ladder\Snake And Ladder.vcxproj", "{9BD3775C-36B1-4421-B653-CC27CE3B07EE}"
EndProject
Global
	GlobalSection(SolutionConfigurationPlatforms) = preSolution
		Debug|x64 = Debug|x64
		Debug|x86 = Debug|x86
		Release|x64 = Release|x64
		Release|x86 = Release|x86
	EndGlobalSection
	GlobalSection(ProjectConfigurationPlatforms) = postSolution
		{9BD3775C-36B1-4421-B653-CC27CE3B07EE}.Debug|x64.ActiveCfg = Debug|x64
		{9BD3775C-36B1-4421-B653-CC27CE3B07EE}.Debug|x64.Build.0 = Debug|x64
		{9BD3775C-36B1-4421-B653-CC27CE3B07EE}.Debug|x86.ActiveCfg = Debug|Win32
		{9BD3775C-36B1-4421-B653-CC27CE3B07EE}.Debug|x86.Build.0 = Debug|Win32
		{9BD3775C-36B1-4421-B653-CC27CE3B07EE}.Release|x64.ActiveCfg = Release|x64
		{9BD3775C-36B1-4421-B653-CC27CE3B07EE}.Release|x64.Build.0 = Release|x64
		{9BD3775C-36B1-4421-B653-CC27CE3B07EE}.Release|x86.ActiveCfg = Release|Win32
		{9BD3775C-36B1-4421-B653-CC27CE3B07EE}.Release|x86.Build.0 = Release|Win32
	EndGlobalSection
	GlobalSection(SolutionProperties) = preSolution
		HideSolutionNode = FALSE
	EndGlobalSection
	GlobalSection(ExtensibilityGlobals) = postSolution
		SolutionGuid = {2B7C419A-DA9E-4117-A53C-FDF7827825F6}
	EndGlobalSection
EndGlobal
